hash: 342c61728c137514ce3d0bf17068b967401ddf43338fa5c7b8de3927b8c0af71
updated: 2017-06-12T16:32:19.842922573+08:00
imports:
- name: github.com/codeskyblue/kexec
  version: 863094f94c7fb7c235764bf8f0f79cccea78c8eb
- name: github.com/equinox-io/equinox
  version: 6f97d0d3970881d3e53dd6f547a41109eb055e54
  subpackages:
  - internal/go-update
  - internal/go-update/internal/binarydist
  - internal/go-update/internal/osext
  - internal/osext
  - proto
- name: github.com/flosch/pongo2
  version: 5e81b817a0c48c1c57cdf1a9056cf76bdee02ca9
- name: github.com/glycerine/rbuf
  version: e57eda7aada105c8b00090b66e338a6413c3fbe9
- name: github.com/go-sql-driver/mysql
  version: a0583e0143b1624142adab07e0e97fe106d99561
- name: github.com/go-yaml/yaml
  version: e4d366fc3c7938e2958e662b4258c7a89e1f0e3e
- name: github.com/goji/httpauth
  version: 2da839ab0f4df05a6db5eb277995589dadbd4fb9
- name: github.com/gorilla/context
  version: 1ea25387ff6f684839d82767c1733ff4d4d15d0a
- name: github.com/gorilla/mux
  version: 94e7d24fd285520f3d12ae998f7fdd6b5393d453
- name: github.com/gorilla/websocket
  version: 3f3e394da2b801fbe732a935ef40724762a67a07
- name: github.com/jinzhu/gorm
  version: 5174cc5c242a728b435ea2be8a2f7f998e15429b
- name: github.com/jinzhu/inflection
  version: 1c35d901db3da928c72a72d8458480cc9ade058f
- name: github.com/jtblin/go-ldap-client
  version: ad9f2ea47a83452873c01f1dc6960aedb9ff7e0e
- name: github.com/jtolds/gls
  version: 9a4a02dbe491bef4bab3c24fd9f3087d6c4c6690
- name: github.com/kennygrant/sanitize
  version: bf9c39a678d8e26aeee60d5fe733cad47a7a6871
- name: github.com/mitchellh/go-ps
  version: e2d21980687ce16e58469d98dcee92d27fbbd7fb
- name: github.com/qiniu/log
  version: e002bc2020b19bfa61ed378cc5407383dbd2f346
- name: github.com/shurcooL/httpfs
  version: df3d5d88c59699064c4449a2d4e3db0f07e74ed9
  subpackages:
  - vfsutil
- name: github.com/shurcooL/vfsgen
  version: 8bd98c96e6f6800019cdcd1183547b1c8e89d280
- name: github.com/smartystreets/assertions
  version: 01fedaa993c0a9f9aa55111501cd7c81a49e812e
  subpackages:
  - internal/oglematchers
- name: github.com/smartystreets/goconvey
  version: 530dd3d2cafa09958178e8c557bc4abeea1651a5
  subpackages:
  - convey
  - convey/gotest
  - convey/reporting
- name: github.com/urfave/cli
  version: 168c95418e66e019fe17b8f4f5c45aa62ff80e23
- name: github.com/wfxiang08/cyutils
  version: dfb8bc2b5402cb534e3f53cbd9fc3897820f7b07
  subpackages:
  - utils/atomic2
  - utils/errors
  - utils/rolling_log
  - utils/trace
- name: golang.org/x/net
  version: 6b27048ae5e6ad1ef927e72e437531493de612fe
  subpackages:
  - html
  - html/atom
- name: golang.org/x/tools
  version: 513c731aab546b4628168d772550499740fe9dd2
  subpackages:
  - godoc/vfs
- name: gopkg.in/asn1-ber.v1
  version: 379148ca0225df7a432012b8df0355c2a2063ac0
- name: gopkg.in/ldap.v2
  version: 8168ee085ee43257585e50c6441aadf54ecb2c9f
testImports: []
